
Microsoft Visual Studio Solution File, Format Version 12.00
# Visual Studio Version 17
VisualStudioVersion = 17.2.32602.215
MinimumVisualStudioVersion = 10.0.40219.1
Project("{FAE04EC0-301F-11D3-BF4B-00C04F79EFBC}") = "PowerTips.Plugins.Training", "PowerTips.Plugins.Training\PowerTips.Plugins.Training.csproj", "{C099207A-7427-46F2-98FA-9943DF98ED6B}"
EndProject
Global
	GlobalSection(SolutionConfigurationPlatforms) = preSolution
		Debug|Any CPU = Debug|Any CPU
		Release|Any CPU = Release|Any CPU
	EndGlobalSection
	GlobalSection(ProjectConfigurationPlatforms) = postSolution
		{C099207A-7427-46F2-98FA-9943DF98ED6B}.Debug|Any CPU.ActiveCfg = Debug|Any CPU
		{C099207A-7427-46F2-98FA-9943DF98ED6B}.Debug|Any CPU.Build.0 = Debug|Any CPU
		{C099207A-7427-46F2-98FA-9943DF98ED6B}.Release|Any CPU.ActiveCfg = Release|Any CPU
		{C099207A-7427-46F2-98FA-9943DF98ED6B}.Release|Any CPU.Build.0 = Release|Any CPU
	EndGlobalSection
	GlobalSection(SolutionProperties) = preSolution
		HideSolutionNode = FALSE
	EndGlobalSection
	GlobalSection(ExtensibilityGlobals) = postSolution
		SolutionGuid = {7A37A455-5BEB-40D1-8AEC-2A7E76FAB5B3}
	EndGlobalSection
EndGlobal
